
Microsoft Visual Studio Solution File, Format Version 12.00
Project("{2150E333-8FDC-42A3-9474-1A3956D46DE8}") = "src", "src", "{A0559F41-6C47-4747-82E6-6275B9A332E4}"
EndProject
Project("{FAE04EC0-301F-11D3-BF4B-00C04F79EFBC}") = "TA.GraphTools", "src\TA.GraphTools\TA.GraphTools.csproj", "{81E1B401-E1DE-47AE-942E-0FC50C5236F8}"
EndProject
Project("{FAE04EC0-301F-11D3-BF4B-00C04F79EFBC}") = "TA.Lab1", "src\TA.Lab1\TA.Lab1.csproj", "{A2941015-8D0F-4FA7-85ED-7582E7CC98AE}"
EndProject
Project("{FAE04EC0-301F-11D3-BF4B-00C04F79EFBC}") = "TA.Lab1WrongVariant", "src\TA.Lab1WrongVariant\TA.Lab1WrongVariant.csproj", "{9EBA8AD9-0079-471F-8A0D-377157EAD632}"
EndProject
Project("{FAE04EC0-301F-11D3-BF4B-00C04F79EFBC}") = "TA.Lab2", "src\TA.Lab2\TA.Lab2.csproj", "{9DE7AD9A-843C-4CB8-86AC-7F07395A78BA}"
EndProject
Global
	GlobalSection(SolutionConfigurationPlatforms) = preSolution
		Debug|Any CPU = Debug|Any CPU
		Release|Any CPU = Release|Any CPU
	EndGlobalSection
	GlobalSection(ProjectConfigurationPlatforms) = postSolution
		{81E1B401-E1DE-47AE-942E-0FC50C5236F8}.Debug|Any CPU.ActiveCfg = Debug|Any CPU
		{81E1B401-E1DE-47AE-942E-0FC50C5236F8}.Debug|Any CPU.Build.0 = Debug|Any CPU
		{81E1B401-E1DE-47AE-942E-0FC50C5236F8}.Release|Any CPU.ActiveCfg = Release|Any CPU
		{81E1B401-E1DE-47AE-942E-0FC50C5236F8}.Release|Any CPU.Build.0 = Release|Any CPU
		{A2941015-8D0F-4FA7-85ED-7582E7CC98AE}.Debug|Any CPU.ActiveCfg = Debug|Any CPU
		{A2941015-8D0F-4FA7-85ED-7582E7CC98AE}.Debug|Any CPU.Build.0 = Debug|Any CPU
		{A2941015-8D0F-4FA7-85ED-7582E7CC98AE}.Release|Any CPU.ActiveCfg = Release|Any CPU
		{A2941015-8D0F-4FA7-85ED-7582E7CC98AE}.Release|Any CPU.Build.0 = Release|Any CPU
		{9EBA8AD9-0079-471F-8A0D-377157EAD632}.Debug|Any CPU.ActiveCfg = Debug|Any CPU
		{9EBA8AD9-0079-471F-8A0D-377157EAD632}.Debug|Any CPU.Build.0 = Debug|Any CPU
		{9EBA8AD9-0079-471F-8A0D-377157EAD632}.Release|Any CPU.ActiveCfg = Release|Any CPU
		{9EBA8AD9-0079-471F-8A0D-377157EAD632}.Release|Any CPU.Build.0 = Release|Any CPU
		{9DE7AD9A-843C-4CB8-86AC-7F07395A78BA}.Debug|Any CPU.ActiveCfg = Debug|Any CPU
		{9DE7AD9A-843C-4CB8-86AC-7F07395A78BA}.Debug|Any CPU.Build.0 = Debug|Any CPU
		{9DE7AD9A-843C-4CB8-86AC-7F07395A78BA}.Release|Any CPU.ActiveCfg = Release|Any CPU
		{9DE7AD9A-843C-4CB8-86AC-7F07395A78BA}.Release|Any CPU.Build.0 = Release|Any CPU
	EndGlobalSection
	GlobalSection(NestedProjects) = preSolution
		{81E1B401-E1DE-47AE-942E-0FC50C5236F8} = {A0559F41-6C47-4747-82E6-6275B9A332E4}
		{A2941015-8D0F-4FA7-85ED-7582E7CC98AE} = {A0559F41-6C47-4747-82E6-6275B9A332E4}
		{9EBA8AD9-0079-471F-8A0D-377157EAD632} = {A0559F41-6C47-4747-82E6-6275B9A332E4}
		{9DE7AD9A-843C-4CB8-86AC-7F07395A78BA} = {A0559F41-6C47-4747-82E6-6275B9A332E4}
	EndGlobalSection
EndGlobal
